
Microsoft Visual Studio Solution File, Format Version 12.00
# Visual Studio Version 17
VisualStudioVersion = 17.11.35327.3
MinimumVisualStudioVersion = 10.0.40219.1
Project("{FAE04EC0-301F-11D3-BF4B-00C04F79EFBC}") = "WPF-VS-GitHub", "WPF-VS-GitHub\WPF-VS-GitHub.csproj", "{CC39850F-B3BD-41FD-A921-EB2C63129212}"
EndProject
Global
	GlobalSection(SolutionConfigurationPlatforms) = preSolution
		Debug|Any CPU = Debug|Any CPU
		Release|Any CPU = Release|Any CPU
	EndGlobalSection
	GlobalSection(ProjectConfigurationPlatforms) = postSolution
		{CC39850F-B3BD-41FD-A921-EB2C63129212}.Debug|Any CPU.ActiveCfg = Debug|Any CPU
		{CC39850F-B3BD-41FD-A921-EB2C63129212}.Debug|Any CPU.Build.0 = Debug|Any CPU
		{CC39850F-B3BD-41FD-A921-EB2C63129212}.Release|Any CPU.ActiveCfg = Release|Any CPU
		{CC39850F-B3BD-41FD-A921-EB2C63129212}.Release|Any CPU.Build.0 = Release|Any CPU
	EndGlobalSection
	GlobalSection(SolutionProperties) = preSolution
		HideSolutionNode = FALSE
	EndGlobalSection
	GlobalSection(ExtensibilityGlobals) = postSolution
		SolutionGuid = {424ED255-28ED-462F-AC82-B572098F6944}
	EndGlobalSection
EndGlobal
